Microsoft Visual Studio Solution File, Format Version 12.00
# Visual Studio Version 17
VisualStudioVersion = 17.5.2.0
MinimumVisualStudioVersion = 10.0.40219.1
Project("{FAE04EC0-301F-11D3-BF4B-00C04F79EFBC}") = "merge_insertion_sort", "merge_insertion_sort.csproj", "{617279A8-DDA3-7640-8C78-B5D277B967F5}"
EndProject
Global
	GlobalSection(SolutionConfigurationPlatforms) = preSolution
		Debug|Any CPU = Debug|Any CPU
		Release|Any CPU = Release|Any CPU
	EndGlobalSection
	GlobalSection(ProjectConfigurationPlatforms) = postSolution
		{617279A8-DDA3-7640-8C78-B5D277B967F5}.Debug|Any CPU.ActiveCfg = Debug|Any CPU
		{617279A8-DDA3-7640-8C78-B5D277B967F5}.Debug|Any CPU.Build.0 = Debug|Any CPU
		{617279A8-DDA3-7640-8C78-B5D277B967F5}.Release|Any CPU.ActiveCfg = Release|Any CPU
		{617279A8-DDA3-7640-8C78-B5D277B967F5}.Release|Any CPU.Build.0 = Release|Any CPU
	EndGlobalSection
	GlobalSection(SolutionProperties) = preSolution
		HideSolutionNode = FALSE
	EndGlobalSection
	GlobalSection(ExtensibilityGlobals) = postSolution
		SolutionGuid = {CDC6F601-F0CF-402B-AC61-42BB976B6272}
	EndGlobalSection
EndGlobal
